
Microsoft Visual Studio Solution File, Format Version 12.00
# Visual Studio Version 17
VisualStudioVersion = 17.11.35222.181
MinimumVisualStudioVersion = 10.0.40219.1
Project("{FAE04EC0-301F-11D3-BF4B-00C04F79EFBC}") = "CarRentalService", "CarRentalService\CarRentalService.csproj", "{FBD54173-97EA-41BB-8819-475B9FE15B58}"
EndProject
Global
	GlobalSection(SolutionConfigurationPlatforms) = preSolution
		Debug|Any CPU = Debug|Any CPU
		Release|Any CPU = Release|Any CPU
	EndGlobalSection
	GlobalSection(ProjectConfigurationPlatforms) = postSolution
		{FBD54173-97EA-41BB-8819-475B9FE15B58}.Debug|Any CPU.ActiveCfg = Debug|Any CPU
		{FBD54173-97EA-41BB-8819-475B9FE15B58}.Debug|Any CPU.Build.0 = Debug|Any CPU
		{FBD54173-97EA-41BB-8819-475B9FE15B58}.Release|Any CPU.ActiveCfg = Release|Any CPU
		{FBD54173-97EA-41BB-8819-475B9FE15B58}.Release|Any CPU.Build.0 = Release|Any CPU
	EndGlobalSection
	GlobalSection(SolutionProperties) = preSolution
		HideSolutionNode = FALSE
	EndGlobalSection
	GlobalSection(ExtensibilityGlobals) = postSolution
		SolutionGuid = {24E7946D-0C7A-4BEC-B8CB-7627D4EB5C5D}
	EndGlobalSection
EndGlobal
